
Microsoft Visual Studio Solution File, Format Version 12.00
# Visual Studio 2012
Project("{FAE04EC0-301F-11D3-BF4B-00C04F79EFBC}") = "iMenyn.Web", "iMenyn.Web\iMenyn.Web.csproj", "{17515D7F-9159-42E2-BADD-36DB02CD8A70}"
EndProject
Project("{FAE04EC0-301F-11D3-BF4B-00C04F79EFBC}") = "iMenyn.Tests", "iMenyn.Tests\iMenyn.Tests.csproj", "{65CC9A39-F417-4CCB-BA69-27656925142D}"
EndProject
Project("{FAE04EC0-301F-11D3-BF4B-00C04F79EFBC}") = "iMenyn.Data", "iMenyn.Data\iMenyn.Data.csproj", "{2C593E80-7DDA-4126-B951-ACD419755A8E}"
EndProject
Project("{FAE04EC0-301F-11D3-BF4B-00C04F79EFBC}") = "iMenyn.Yelp", "iMenyn.Yelp\iMenyn.Yelp.csproj", "{E5F09250-4139-4338-A9F9-2964FE393879}"
EndProject
Project("{FAE04EC0-301F-11D3-BF4B-00C04F79EFBC}") = "iMenyn.Service", "iMenyn.Service\iMenyn.Service.csproj", "{C8397E57-E79B-49DE-9FC4-622F9ED58B75}"
EndProject
Global
	GlobalSection(SolutionConfigurationPlatforms) = preSolution
		Debug|Any CPU = Debug|Any CPU
		Release|Any CPU = Release|Any CPU
	EndGlobalSection
	GlobalSection(ProjectConfigurationPlatforms) = postSolution
		{17515D7F-9159-42E2-BADD-36DB02CD8A70}.Debug|Any CPU.ActiveCfg = Debug|Any CPU
		{17515D7F-9159-42E2-BADD-36DB02CD8A70}.Debug|Any CPU.Build.0 = Debug|Any CPU
		{17515D7F-9159-42E2-BADD-36DB02CD8A70}.Release|Any CPU.ActiveCfg = Release|Any CPU
		{17515D7F-9159-42E2-BADD-36DB02CD8A70}.Release|Any CPU.Build.0 = Release|Any CPU
		{65CC9A39-F417-4CCB-BA69-27656925142D}.Debug|Any CPU.ActiveCfg = Debug|Any CPU
		{65CC9A39-F417-4CCB-BA69-27656925142D}.Debug|Any CPU.Build.0 = Debug|Any CPU
		{65CC9A39-F417-4CCB-BA69-27656925142D}.Release|Any CPU.ActiveCfg = Release|Any CPU
		{65CC9A39-F417-4CCB-BA69-27656925142D}.Release|Any CPU.Build.0 = Release|Any CPU
		{2C593E80-7DDA-4126-B951-ACD419755A8E}.Debug|Any CPU.ActiveCfg = Debug|Any CPU
		{2C593E80-7DDA-4126-B951-ACD419755A8E}.Debug|Any CPU.Build.0 = Debug|Any CPU
		{2C593E80-7DDA-4126-B951-ACD419755A8E}.Release|Any CPU.ActiveCfg = Release|Any CPU
		{2C593E80-7DDA-4126-B951-ACD419755A8E}.Release|Any CPU.Build.0 = Release|Any CPU
		{E5F09250-4139-4338-A9F9-2964FE393879}.Debug|Any CPU.ActiveCfg = Debug|Any CPU
		{E5F09250-4139-4338-A9F9-2964FE393879}.Debug|Any CPU.Build.0 = Debug|Any CPU
		{E5F09250-4139-4338-A9F9-2964FE393879}.Release|Any CPU.ActiveCfg = Release|Any CPU
		{E5F09250-4139-4338-A9F9-2964FE393879}.Release|Any CPU.Build.0 = Release|Any CPU
		{C8397E57-E79B-49DE-9FC4-622F9ED58B75}.Debug|Any CPU.ActiveCfg = Debug|Any CPU
		{C8397E57-E79B-49DE-9FC4-622F9ED58B75}.Debug|Any CPU.Build.0 = Debug|Any CPU
		{C8397E57-E79B-49DE-9FC4-622F9ED58B75}.Release|Any CPU.ActiveCfg = Release|Any CPU
		{C8397E57-E79B-49DE-9FC4-622F9ED58B75}.Release|Any CPU.Build.0 = Release|Any CPU
	EndGlobalSection
	GlobalSection(SolutionProperties) = preSolution
		HideSolutionNode = FALSE
	EndGlobalSection
EndGlobal
